
Microsoft Visual Studio Solution File, Format Version 12.00
# Visual Studio Version 16
VisualStudioVersion = 16.0.29318.209
MinimumVisualStudioVersion = 10.0.40219.1
Project("{FAE04EC0-301F-11D3-BF4B-00C04F79EFBC}") = "question 1", "question 1\question 1.csproj", "{FEFDE909-E124-4318-876D-69B1BEF497D2}"
EndProject
Global
	GlobalSection(SolutionConfigurationPlatforms) = preSolution
		Debug|Any CPU = Debug|Any CPU
		Release|Any CPU = Release|Any CPU
	EndGlobalSection
	GlobalSection(ProjectConfigurationPlatforms) = postSolution
		{FEFDE909-E124-4318-876D-69B1BEF497D2}.Debug|Any CPU.ActiveCfg = Debug|Any CPU
		{FEFDE909-E124-4318-876D-69B1BEF497D2}.Debug|Any CPU.Build.0 = Debug|Any CPU
		{FEFDE909-E124-4318-876D-69B1BEF497D2}.Release|Any CPU.ActiveCfg = Release|Any CPU
		{FEFDE909-E124-4318-876D-69B1BEF497D2}.Release|Any CPU.Build.0 = Release|Any CPU
	EndGlobalSection
	GlobalSection(SolutionProperties) = preSolution
		HideSolutionNode = FALSE
	EndGlobalSection
	GlobalSection(ExtensibilityGlobals) = postSolution
		SolutionGuid = {271C865F-17DF-49CD-B7EC-773F50A1F3F5}
	EndGlobalSection
EndGlobal
